
Microsoft Visual Studio Solution File, Format Version 12.00
# Visual Studio Version 16
VisualStudioVersion = 16.0.31424.327
MinimumVisualStudioVersion = 10.0.40219.1
Project("{FAE04EC0-301F-11D3-BF4B-00C04F79EFBC}") = "BlazorServerProject", "ProjectStructureDemo\BlazorServerProject.csproj", "{81F9DE1E-0BD5-41A6-A953-0E07BDA0E65C}"
EndProject
Project("{FAE04EC0-301F-11D3-BF4B-00C04F79EFBC}") = "WebAPIProject", "WebAPIProject\WebAPIProject.csproj", "{5F2930B5-B4FE-431B-92C0-9474C8513F52}"
EndProject
Project("{FAE04EC0-301F-11D3-BF4B-00C04F79EFBC}") = "ProjectCodeBase", "ProjectCodeBase\ProjectCodeBase.csproj", "{A6F5ED40-29A3-4AAE-83E2-7001DD65A710}"
EndProject
Global
	GlobalSection(SolutionConfigurationPlatforms) = preSolution
		Debug|Any CPU = Debug|Any CPU
		Release|Any CPU = Release|Any CPU
	EndGlobalSection
	GlobalSection(ProjectConfigurationPlatforms) = postSolution
		{81F9DE1E-0BD5-41A6-A953-0E07BDA0E65C}.Debug|Any CPU.ActiveCfg = Debug|Any CPU
		{81F9DE1E-0BD5-41A6-A953-0E07BDA0E65C}.Debug|Any CPU.Build.0 = Debug|Any CPU
		{81F9DE1E-0BD5-41A6-A953-0E07BDA0E65C}.Release|Any CPU.ActiveCfg = Release|Any CPU
		{81F9DE1E-0BD5-41A6-A953-0E07BDA0E65C}.Release|Any CPU.Build.0 = Release|Any CPU
		{5F2930B5-B4FE-431B-92C0-9474C8513F52}.Debug|Any CPU.ActiveCfg = Debug|Any CPU
		{5F2930B5-B4FE-431B-92C0-9474C8513F52}.Debug|Any CPU.Build.0 = Debug|Any CPU
		{5F2930B5-B4FE-431B-92C0-9474C8513F52}.Release|Any CPU.ActiveCfg = Release|Any CPU
		{5F2930B5-B4FE-431B-92C0-9474C8513F52}.Release|Any CPU.Build.0 = Release|Any CPU
		{A6F5ED40-29A3-4AAE-83E2-7001DD65A710}.Debug|Any CPU.ActiveCfg = Debug|Any CPU
		{A6F5ED40-29A3-4AAE-83E2-7001DD65A710}.Debug|Any CPU.Build.0 = Debug|Any CPU
		{A6F5ED40-29A3-4AAE-83E2-7001DD65A710}.Release|Any CPU.ActiveCfg = Release|Any CPU
		{A6F5ED40-29A3-4AAE-83E2-7001DD65A710}.Release|Any CPU.Build.0 = Release|Any CPU
	EndGlobalSection
	GlobalSection(SolutionProperties) = preSolution
		HideSolutionNode = FALSE
	EndGlobalSection
	GlobalSection(ExtensibilityGlobals) = postSolution
		SolutionGuid = {B281C4BC-3857-48BA-8C8B-477EB3817224}
	EndGlobalSection
EndGlobal
